{
  "nodes": {
    "crane": {
      "locked": {
        "lastModified": 1767744144,
        "narHash": "sha256-9/9ntI0D+HbN4G0TrK3KmHbTvwgswz7p8IEJsWyef8Q=",
        "owner": "ipetkov",
        "repo": "crane",
        "rev": "2fb033290bf6b23f226d4c8b32f7f7a16b043d7e",
        "type": "github"
      },
      "original": {
        "owner": "ipetkov",
        "repo": "crane",
        "type": "github"
      }
    },
    "flake-compat": {
      "flake": false,
      "locked": {
        "lastModified": 1767039857,
        "narHash": "sha256-vNpUSpF5Nuw8xvDLj2KCwwksIbjua2LZCqhV1LNRDns=",
        "owner": "NixOS",
        "repo": "flake-compat",
        "rev": "5edf11c44bc78a0d334f6334cdaf7d60d732daab",
        "type": "github"
      },
      "original": {
        "owner": "NixOS",
        "repo": "flake-compat",
        "type": "github"
      }
    },
    "flake-utils": {
      "inputs": {
        "systems": "systems"
      },
      "locked": {
        "lastModified": 1705309234,
        "narHash": "sha256-uNRRNRKmJyCRC/8y1RqBkqWBLM034y4qN7EprSdmgyA=",
        "owner": "numtide",
        "repo": "flake-utils",
        "rev": "1ef2e671c3b0c19053962c07dbda38332dcebf26",
        "type": "github"
      },
      "original": {
        "owner": "numtide",
        "repo": "flake-utils",
        "type": "github"
      }
    },
    "gitignore": {
      "inputs": {
        "nixpkgs": [
          "lanzaboote",
          "pre-commit",
          "nixpkgs"
        ]
      },
      "locked": {
        "lastModified": 1709087332,
        "narHash": "sha256-HG2cCnktfHsKV0s4XW83gU3F57gaTljL9KNSuG6bnQs=",
        "owner": "hercules-ci",
        "repo": "gitignore.nix",
        "rev": "637db329424fd7e46cf4185293b9cc8c88c95394",
        "type": "github"
      },
      "original": {
        "owner": "hercules-ci",
        "repo": "gitignore.nix",
        "type": "github"
      }
    },
    "hamr": {
      "inputs": {
        "nixpkgs": [
          "nixpkgs"
        ]
      },
      "locked": {
        "lastModified": 1768789469,
        "narHash": "sha256-fp2/b3LwEw3Bt/ORtj0KHoH7K+31fKgsIcPsbnkzlI4=",
        "owner": "Stewart86",
        "repo": "hamr",
        "rev": "e67a4251d7ba03d40d08a940bff7fd4921ce24cb",
        "type": "github"
      },
      "original": {
        "owner": "Stewart86",
        "repo": "hamr",
        "type": "github"
      }
    },
    "lanzaboote": {
      "inputs": {
        "crane": "crane",
        "nixpkgs": [
          "nixpkgs"
        ],
        "pre-commit": "pre-commit",
        "rust-overlay": "rust-overlay"
      },
      "locked": {
        "lastModified": 1768307256,
        "narHash": "sha256-3yDvlAqWa0Vk3B9hFRJJrSs1xc+FwVQFLtu//VrTR4c=",
        "owner": "nix-community",
        "repo": "lanzaboote",
        "rev": "7e031eb535a494582f4fc58735b5aecba7b57058",
        "type": "github"
      },
      "original": {
        "owner": "nix-community",
        "repo": "lanzaboote",
        "type": "github"
      }
    },
    "naersk": {
      "inputs": {
        "nixpkgs": "nixpkgs_2"
      },
      "locked": {
        "lastModified": 1698420672,
        "narHash": "sha256-/TdeHMPRjjdJub7p7+w55vyABrsJlt5QkznPYy55vKA=",
        "owner": "nix-community",
        "repo": "naersk",
        "rev": "aeb58d5e8faead8980a807c840232697982d47b9",
        "type": "github"
      },
      "original": {
        "owner": "nix-community",
        "repo": "naersk",
        "type": "github"
      }
    },
    "nix-darwin": {
      "inputs": {
        "nixpkgs": [
          "nixpkgs"
        ]
      },
      "locked": {
        "lastModified": 1768764703,
        "narHash": "sha256-5ulSDyOG1U+1sJhkJHYsUOWEsmtLl97O0NTVMvgIVyc=",
        "owner": "nix-darwin",
        "repo": "nix-darwin",
        "rev": "0fc4e7ac670a0ed874abacf73c4b072a6a58064b",
        "type": "github"
      },
      "original": {
        "owner": "nix-darwin",
        "ref": "master",
        "repo": "nix-darwin",
        "type": "github"
      }
    },
    "nixpkgs": {
      "locked": {
        "lastModified": 1768564909,
        "narHash": "sha256-Kell/SpJYVkHWMvnhqJz/8DqQg2b6PguxVWOuadbHCc=",
        "owner": "nixos",
        "repo": "nixpkgs",
        "rev": "e4bae1bd10c9c57b2cf517953ab70060a828ee6f",
        "type": "github"
      },
      "original": {
        "owner": "nixos",
        "ref": "nixos-unstable",
        "repo": "nixpkgs",
        "type": "github"
      }
    },
    "nixpkgs-mozilla": {
      "flake": false,
      "locked": {
        "lastModified": 1704373101,
        "narHash": "sha256-+gi59LRWRQmwROrmE1E2b3mtocwueCQqZ60CwLG+gbg=",
        "owner": "mozilla",
        "repo": "nixpkgs-mozilla",
        "rev": "9b11a87c0cc54e308fa83aac5b4ee1816d5418a2",
        "type": "github"
      },
      "original": {
        "owner": "mozilla",
        "repo": "nixpkgs-mozilla",
        "type": "github"
      }
    },
    "nixpkgs_2": {
      "locked": {
        "lastModified": 1702900294,
        "narHash": "sha256-pt7sSoJYNw3n8YtXw0Z/Nnr6/PfY2YrjDvqboErXnRM=",
        "owner": "NixOS",
        "repo": "nixpkgs",
        "rev": "886c9aee6ca9324e127f9c2c4e6f68c2641c8256",
        "type": "github"
      },
      "original": {
        "id": "nixpkgs",
        "type": "indirect"
      }
    },
    "noctalia": {
      "inputs": {
        "nixpkgs": [
          "nixpkgs"
        ]
      },
      "locked": {
        "lastModified": 1768831406,
        "narHash": "sha256-DUMpPQ/AGGH1y/tKP2615RqTHN83KvKnp18WUhr+33U=",
        "owner": "noctalia-dev",
        "repo": "noctalia-shell",
        "rev": "327457482e1af7e392bf1c0b9fcb2da44635502d",
        "type": "github"
      },
      "original": {
        "owner": "noctalia-dev",
        "repo": "noctalia-shell",
        "type": "github"
      }
    },
    "openaws-vpn-client": {
      "inputs": {
        "flake-utils": "flake-utils",
        "naersk": "naersk",
        "nixpkgs": [
          "nixpkgs"
        ],
        "nixpkgs-mozilla": "nixpkgs-mozilla"
      },
      "locked": {
        "lastModified": 1742343225,
        "narHash": "sha256-TwtfAZ53fRA7LXRU/tfQdpccBq+6KAC/7GCpzHtiYFE=",
        "owner": "jonathanxd",
        "repo": "openaws-vpn-client",
        "rev": "a65966be4a44682c7a2c88cc9672645604bad0bf",
        "type": "github"
      },
      "original": {
        "owner": "jonathanxd",
        "repo": "openaws-vpn-client",
        "type": "github"
      }
    },
    "pre-commit": {
      "inputs": {
        "flake-compat": "flake-compat",
        "gitignore": "gitignore",
        "nixpkgs": [
          "lanzaboote",
          "nixpkgs"
        ]
      },
      "locked": {
        "lastModified": 1767281941,
        "narHash": "sha256-6MkqajPICgugsuZ92OMoQcgSHnD6sJHwk8AxvMcIgTE=",
        "owner": "cachix",
        "repo": "pre-commit-hooks.nix",
        "rev": "f0927703b7b1c8d97511c4116eb9b4ec6645a0fa",
        "type": "github"
      },
      "original": {
        "owner": "cachix",
        "repo": "pre-commit-hooks.nix",
        "type": "github"
      }
    },
    "root": {
      "inputs": {
        "hamr": "hamr",
        "lanzaboote": "lanzaboote",
        "nix-darwin": "nix-darwin",
        "nixpkgs": "nixpkgs",
        "noctalia": "noctalia",
        "openaws-vpn-client": "openaws-vpn-client"
      }
    },
    "rust-overlay": {
      "inputs": {
        "nixpkgs": [
          "lanzaboote",
          "nixpkgs"
        ]
      },
      "locked": {
        "lastModified": 1768272338,
        "narHash": "sha256-Tg/kL8eKMpZtceDvBDQYU8zowgpr7ucFRnpP/AtfuRM=",
        "owner": "oxalica",
        "repo": "rust-overlay",
        "rev": "03dda130a8701b08b0347fcaf850a190c53a3c1e",
        "type": "github"
      },
      "original": {
        "owner": "oxalica",
        "repo": "rust-overlay",
        "type": "github"
      }
    },
    "systems": {
      "locked": {
        "lastModified": 1681028828,
        "narHash": "sha256-Vy1rq5AaRuLzOxct8nz4T6wlgyUR7zLU309k9mBC768=",
        "owner": "nix-systems",
        "repo": "default",
        "rev": "da67096a3b9bf56a91d16901293e51ba5b49a27e",
        "type": "github"
      },
      "original": {
        "owner": "nix-systems",
        "repo": "default",
        "type": "github"
      }
    }
  },
  "root": "root",
  "version": 7
}
